
Microsoft Visual Studio Solution File, Format Version 12.00
# Visual Studio Version 16
VisualStudioVersion = 16.0.29920.165
MinimumVisualStudioVersion = 10.0.40219.1
Project("{FAE04EC0-301F-11D3-BF4B-00C04F79EFBC}") = "WingetScriptMaker", "WingetScriptMaker\WingetScriptMaker.csproj", "{4EFDDA69-7B6B-423E-8DF1-933634136D8E}"
EndProject
Project("{FAE04EC0-301F-11D3-BF4B-00C04F79EFBC}") = "CSharpExtensions", "CSharpExtensions\CSharpExtensions.csproj", "{EBA0A15A-0D2A-4779-A3F1-45AB6462D486}"
EndProject
Global
	GlobalSection(SolutionConfigurationPlatforms) = preSolution
		Debug|Any CPU = Debug|Any CPU
		Release|Any CPU = Release|Any CPU
	EndGlobalSection
	GlobalSection(ProjectConfigurationPlatforms) = postSolution
		{4EFDDA69-7B6B-423E-8DF1-933634136D8E}.Debug|Any CPU.ActiveCfg = Debug|Any CPU
		{4EFDDA69-7B6B-423E-8DF1-933634136D8E}.Debug|Any CPU.Build.0 = Debug|Any CPU
		{4EFDDA69-7B6B-423E-8DF1-933634136D8E}.Release|Any CPU.ActiveCfg = Release|Any CPU
		{4EFDDA69-7B6B-423E-8DF1-933634136D8E}.Release|Any CPU.Build.0 = Release|Any CPU
		{EBA0A15A-0D2A-4779-A3F1-45AB6462D486}.Debug|Any CPU.ActiveCfg = Debug|Any CPU
		{EBA0A15A-0D2A-4779-A3F1-45AB6462D486}.Debug|Any CPU.Build.0 = Debug|Any CPU
		{EBA0A15A-0D2A-4779-A3F1-45AB6462D486}.Release|Any CPU.ActiveCfg = Release|Any CPU
		{EBA0A15A-0D2A-4779-A3F1-45AB6462D486}.Release|Any CPU.Build.0 = Release|Any CPU
	EndGlobalSection
	GlobalSection(SolutionProperties) = preSolution
		HideSolutionNode = FALSE
	EndGlobalSection
	GlobalSection(ExtensibilityGlobals) = postSolution
		SolutionGuid = {CBA420DD-4FBF-440C-A8B7-E517FD23C773}
	EndGlobalSection
EndGlobal
